// !$*UTF8*$!
{
	archiveVersion = 1;
	classes = {
	};
	objectVersion = 55;
	objects = {

/* Begin PBXBuildFile section */
		418EE7D5290B98B200A3B193 /* license.crt in Resources */ = {isa = PBXBuildFile; fileRef = 418EE7D4290B98B200A3B193 /* license.crt */; };
		41AA9E48290AAD40009A512B /* AppDelegate.m in Sources */ = {isa = PBXBuildFile; fileRef = 41AA9E47290AAD40009A512B /* AppDelegate.m */; };
		41AA9E4B290AAD40009A512B /* SceneDelegate.m in Sources */ = {isa = PBXBuildFile; fileRef = 41AA9E4A290AAD40009A512B /* SceneDelegate.m */; };
		41AA9E4E290AAD40009A512B /* ViewController.m in Sources */ = {isa = PBXBuildFile; fileRef = 41AA9E4D290AAD40009A512B /* ViewController.m */; };
		41AA9E51290AAD40009A512B /* Main.storyboard in Resources */ = {isa = PBXBuildFile; fileRef = 41AA9E4F290AAD40009A512B /* Main.storyboard */; };
		41AA9E53290AAD42009A512B /* Assets.xcassets in Resources */ = {isa = PBXBuildFile; fileRef = 41AA9E52290AAD42009A512B /* Assets.xcassets */; };
		41AA9E56290AAD42009A512B /* LaunchScreen.storyboard in Resources */ = {isa = PBXBuildFile; fileRef = 41AA9E54290AAD42009A512B /* LaunchScreen.storyboard */; };
		41AA9E59290AAD42009A512B /* main.m in Sources */ = {isa = PBXBuildFile; fileRef = 41AA9E58290AAD42009A512B /* main.m */; };
		AB7F4D7CCA65E292889A739C /* libPods-AUIUgsvDemo.a in Frameworks */ = {isa = PBXBuildFile; fileRef = BEEF357E239C300E8E487784 /* libPods-AUIUgsvDemo.a */; };
/* End PBXBuildFile section */

/* Begin PBXFileReference section */
		2A19591D0B4C4F2120370CD0 /* Pods-AUIUgsvDemo.release.xcconfig */ = {isa = PBXFileReference; includeInIndex = 1; lastKnownFileType = text.xcconfig; name = "Pods-AUIUgsvDemo.release.xcconfig"; path = "Target Support Files/Pods-AUIUgsvDemo/Pods-AUIUgsvDemo.release.xcconfig"; sourceTree = "<group>"; };
		418EE7D4290B98B200A3B193 /* license.crt */ = {isa = PBXFileReference; fileEncoding = 4; lastKnownFileType = text; path = license.crt; sourceTree = "<group>"; };
		41AA9E43290AAD40009A512B /* AUIUgsvDemo.app */ = {isa = PBXFileReference; explicitFileType = wrapper.application; includeInIndex = 0; path = AUIUgsvDemo.app; sourceTree = BUILT_PRODUCTS_DIR; };
		41AA9E46290AAD40009A512B /* AppDelegate.h */ = {isa = PBXFileReference; lastKnownFileType = sourcecode.c.h; path = AppDelegate.h; sourceTree = "<group>"; };
		41AA9E47290AAD40009A512B /* AppDelegate.m */ = {isa = PBXFileReference; lastKnownFileType = sourcecode.c.objc; path = AppDelegate.m; sourceTree = "<group>"; };
		41AA9E49290AAD40009A512B /* SceneDelegate.h */ = {isa = PBXFileReference; lastKnownFileType = sourcecode.c.h; path = SceneDelegate.h; sourceTree = "<group>"; };
		41AA9E4A290AAD40009A512B /* SceneDelegate.m */ = {isa = PBXFileReference; lastKnownFileType = sourcecode.c.objc; path = SceneDelegate.m; sourceTree = "<group>"; };
		41AA9E4C290AAD40009A512B /* ViewController.h */ = {isa = PBXFileReference; lastKnownFileType = sourcecode.c.h; path = ViewController.h; sourceTree = "<group>"; };
		41AA9E4D290AAD40009A512B /* ViewController.m */ = {isa = PBXFileReference; lastKnownFileType = sourcecode.c.objc; path = ViewController.m; sourceTree = "<group>"; };
		41AA9E50290AAD40009A512B /* Base */ = {isa = PBXFileReference; lastKnownFileType = file.storyboard; name = Base; path = Base.lproj/Main.storyboard; sourceTree = "<group>"; };
		41AA9E52290AAD42009A512B /* Assets.xcassets */ = {isa = PBXFileReference; lastKnownFileType = folder.assetcatalog; path = Assets.xcassets; sourceTree = "<group>"; };
		41AA9E55290AAD42009A512B /* Base */ = {isa = PBXFileReference; lastKnownFileType = file.storyboard; name = Base; path = Base.lproj/LaunchScreen.storyboard; sourceTree = "<group>"; };
		41AA9E57290AAD42009A512B /* Info.plist */ = {isa = PBXFileReference; lastKnownFileType = text.plist.xml; path = Info.plist; sourceTree = "<group>"; };
		41AA9E58290AAD42009A512B /* main.m */ = {isa = PBXFileReference; lastKnownFileType = sourcecode.c.objc; path = main.m; sourceTree = "<group>"; };
		41AA9E5F290AB75E009A512B /* zh-Hans */ = {isa = PBXFileReference; lastKnownFileType = text.plist.strings; name = "zh-Hans"; path = "zh-Hans.lproj/Main.strings"; sourceTree = "<group>"; };
		41AA9E60290AB75E009A512B /* zh-Hans */ = {isa = PBXFileReference; lastKnownFileType = text.plist.strings; name = "zh-Hans"; path = "zh-Hans.lproj/LaunchScreen.strings"; sourceTree = "<group>"; };
		9496C2FFC06A580DBA4F6015 /* Pods-AUIUgsvDemo.debug.xcconfig */ = {isa = PBXFileReference; includeInIndex = 1; lastKnownFileType = text.xcconfig; name = "Pods-AUIUgsvDemo.debug.xcconfig"; path = "Target Support Files/Pods-AUIUgsvDemo/Pods-AUIUgsvDemo.debug.xcconfig"; sourceTree = "<group>"; };
		BEEF357E239C300E8E487784 /* libPods-AUIUgsvDemo.a */ = {isa = PBXFileReference; explicitFileType = archive.ar; includeInIndex = 0; path = "libPods-AUIUgsvDemo.a"; sourceTree = BUILT_PRODUCTS_DIR; };
/* End PBXFileReference section */

/* Begin PBXFrameworksBuildPhase section */
		41AA9E40290AAD40009A512B /* Frameworks */ = {
			isa = PBXFrameworksBuildPhase;
			buildActionMask = 2147483647;
			files = (
				AB7F4D7CCA65E292889A739C /* libPods-AUIUgsvDemo.a in Frameworks */,
			);
			runOnlyForDeploymentPostprocessing = 0;
		};
/* End PBXFrameworksBuildPhase section */

/* Begin PBXGroup section */
		41AA9E3A290AAD40009A512B = {
			isa = PBXGroup;
			children = (
				41AA9E45290AAD40009A512B /* AUIUgsvDemo */,
				41AA9E44290AAD40009A512B /* Products */,
				FB5488F5D784CCC807E30DD2 /* Pods */,
				70B55C8BDD7BE222D136F400 /* Frameworks */,
			);
			sourceTree = "<group>";
		};
		41AA9E44290AAD40009A512B /* Products */ = {
			isa = PBXGroup;
			children = (
				41AA9E43290AAD40009A512B /* AUIUgsvDemo.app */,
			);
			name = Products;
			sourceTree = "<group>";
		};
		41AA9E45290AAD40009A512B /* AUIUgsvDemo */ = {
			isa = PBXGroup;
			children = (
				418EE7D4290B98B200A3B193 /* license.crt */,
				41AA9E46290AAD40009A512B /* AppDelegate.h */,
				41AA9E47290AAD40009A512B /* AppDelegate.m */,
				41AA9E49290AAD40009A512B /* SceneDelegate.h */,
				41AA9E4A290AAD40009A512B /* SceneDelegate.m */,
				41AA9E4C290AAD40009A512B /* ViewController.h */,
				41AA9E4D290AAD40009A512B /* ViewController.m */,
				41AA9E4F290AAD40009A512B /* Main.storyboard */,
				41AA9E52290AAD42009A512B /* Assets.xcassets */,
				41AA9E54290AAD42009A512B /* LaunchScreen.storyboard */,
				41AA9E57290AAD42009A512B /* Info.plist */,
				41AA9E58290AAD42009A512B /* main.m */,
			);
			path = AUIUgsvDemo;
			sourceTree = "<group>";
		};
		70B55C8BDD7BE222D136F400 /* Frameworks */ = {
			isa = PBXGroup;
			children = (
				BEEF357E239C300E8E487784 /* libPods-AUIUgsvDemo.a */,
			);
			name = Frameworks;
			sourceTree = "<group>";
		};
		FB5488F5D784CCC807E30DD2 /* Pods */ = {
			isa = PBXGroup;
			children = (
				9496C2FFC06A580DBA4F6015 /* Pods-AUIUgsvDemo.debug.xcconfig */,
				2A19591D0B4C4F2120370CD0 /* Pods-AUIUgsvDemo.release.xcconfig */,
			);
			path = Pods;
			sourceTree = "<group>";
		};
/* End PBXGroup section */

/* Begin PBXNativeTarget section */
		41AA9E42290AAD40009A512B /* AUIUgsvDemo */ = {
			isa = PBXNativeTarget;
			buildConfigurationList = 41AA9E5C290AAD42009A512B /* Build configuration list for PBXNativeTarget "AUIUgsvDemo" */;
			buildPhases = (
				26B3DF4B63B426A23DACF20E /* [CP] Check Pods Manifest.lock */,
				41AA9E3F290AAD40009A512B /* Sources */,
				41AA9E40290AAD40009A512B /* Frameworks */,
				41AA9E41290AAD40009A512B /* Resources */,
				138E1D52E7A0514C492EC7E4 /* [CP] Embed Pods Frameworks */,
				D3CF528DC6632B15DCCAFCE5 /* [CP] Copy Pods Resources */,
			);
			buildRules = (
			);
			dependencies = (
			);
			name = AUIUgsvDemo;
			productName = AUIUgsvDemo;
			productReference = 41AA9E43290AAD40009A512B /* AUIUgsvDemo.app */;
			productType = "com.apple.product-type.application";
		};
/* End PBXNativeTarget section */

/* Begin PBXProject section */
		41AA9E3B290AAD40009A512B /* Project object */ = {
			isa = PBXProject;
			attributes = {
				BuildIndependentTargetsInParallel = 1;
				LastUpgradeCheck = 1330;
				TargetAttributes = {
					41AA9E42290AAD40009A512B = {
						CreatedOnToolsVersion = 13.3.1;
					};
				};
			};
			buildConfigurationList = 41AA9E3E290AAD40009A512B /* Build configuration list for PBXProject "AUIUgsvDemo" */;
			compatibilityVersion = "Xcode 13.0";
			developmentRegion = en;
			hasScannedForEncodings = 0;
			knownRegions = (
				en,
				Base,
				"zh-Hans",
			);
			mainGroup = 41AA9E3A290AAD40009A512B;
			productRefGroup = 41AA9E44290AAD40009A512B /* Products */;
			projectDirPath = "";
			projectRoot = "";
			targets = (
				41AA9E42290AAD40009A512B /* AUIUgsvDemo */,
			);
		};
/* End PBXProject section */

/* Begin PBXResourcesBuildPhase section */
		41AA9E41290AAD40009A512B /* Resources */ = {
			isa = PBXResourcesBuildPhase;
			buildActionMask = 2147483647;
			files = (
				41AA9E56290AAD42009A512B /* LaunchScreen.storyboard in Resources */,
				418EE7D5290B98B200A3B193 /* license.crt in Resources */,
				41AA9E53290AAD42009A512B /* Assets.xcassets in Resources */,
				41AA9E51290AAD40009A512B /* Main.storyboard in Resources */,
			);
			runOnlyForDeploymentPostprocessing = 0;
		};
/* End PBXResourcesBuildPhase section */

/* Begin PBXShellScriptBuildPhase section */
		138E1D52E7A0514C492EC7E4 /* [CP] Embed Pods Frameworks */ = {
			isa = PBXShellScriptBuildPhase;
			buildActionMask = 2147483647;
			files = (
			);
			inputFileListPaths = (
				"${PODS_ROOT}/Target Support Files/Pods-AUIUgsvDemo/Pods-AUIUgsvDemo-frameworks-${CONFIGURATION}-input-files.xcfilelist",
			);
			name = "[CP] Embed Pods Frameworks";
			outputFileListPaths = (
				"${PODS_ROOT}/Target Support Files/Pods-AUIUgsvDemo/Pods-AUIUgsvDemo-frameworks-${CONFIGURATION}-output-files.xcfilelist",
			);
			runOnlyForDeploymentPostprocessing = 0;
			shellPath = /bin/sh;
			shellScript = "\"${PODS_ROOT}/Target Support Files/Pods-AUIUgsvDemo/Pods-AUIUgsvDemo-frameworks.sh\"\n";
			showEnvVarsInLog = 0;
		};
		26B3DF4B63B426A23DACF20E /* [CP] Check Pods Manifest.lock */ = {
			isa = PBXShellScriptBuildPhase;
			buildActionMask = 2147483647;
			files = (
			);
			inputFileListPaths = (
			);
			inputPaths = (
				"${PODS_PODFILE_DIR_PATH}/Podfile.lock",
				"${PODS_ROOT}/Manifest.lock",
			);
			name = "[CP] Check Pods Manifest.lock";
			outputFileListPaths = (
			);
			outputPaths = (
				"$(DERIVED_FILE_DIR)/Pods-AUIUgsvDemo-checkManifestLockResult.txt",
			);
			runOnlyForDeploymentPostprocessing = 0;
			shellPath = /bin/sh;
			shellScript = "diff \"${PODS_PODFILE_DIR_PATH}/Podfile.lock\" \"${PODS_ROOT}/Manifest.lock\" > /dev/null\nif [ $? != 0 ] ; then\n    # print error to STDERR\n    echo \"error: The sandbox is not in sync with the Podfile.lock. Run 'pod install' or update your CocoaPods installation.\" >&2\n    exit 1\nfi\n# This output is used by Xcode 'outputs' to avoid re-running this script phase.\necho \"SUCCESS\" > \"${SCRIPT_OUTPUT_FILE_0}\"\n";
			showEnvVarsInLog = 0;
		};
		D3CF528DC6632B15DCCAFCE5 /* [CP] Copy Pods Resources */ = {
			isa = PBXShellScriptBuildPhase;
			buildActionMask = 2147483647;
			files = (
			);
			inputFileListPaths = (
				"${PODS_ROOT}/Target Support Files/Pods-AUIUgsvDemo/Pods-AUIUgsvDemo-resources-${CONFIGURATION}-input-files.xcfilelist",
			);
			name = "[CP] Copy Pods Resources";
			outputFileListPaths = (
				"${PODS_ROOT}/Target Support Files/Pods-AUIUgsvDemo/Pods-AUIUgsvDemo-resources-${CONFIGURATION}-output-files.xcfilelist",
			);
			runOnlyForDeploymentPostprocessing = 0;
			shellPath = /bin/sh;
			shellScript = "\"${PODS_ROOT}/Target Support Files/Pods-AUIUgsvDemo/Pods-AUIUgsvDemo-resources.sh\"\n";
			showEnvVarsInLog = 0;
		};
/* End PBXShellScriptBuildPhase section */

/* Begin PBXSourcesBuildPhase section */
		41AA9E3F290AAD40009A512B /* Sources */ = {
			isa = PBXSourcesBuildPhase;
			buildActionMask = 2147483647;
			files = (
				41AA9E4E290AAD40009A512B /* ViewController.m in Sources */,
				41AA9E48290AAD40009A512B /* AppDelegate.m in Sources */,
				41AA9E59290AAD42009A512B /* main.m in Sources */,
				41AA9E4B290AAD40009A512B /* SceneDelegate.m in Sources */,
			);
			runOnlyForDeploymentPostprocessing = 0;
		};
/* End PBXSourcesBuildPhase section */

/* Begin PBXVariantGroup section */
		41AA9E4F290AAD40009A512B /* Main.storyboard */ = {
			isa = PBXVariantGroup;
			children = (
				41AA9E50290AAD40009A512B /* Base */,
				41AA9E5F290AB75E009A512B /* zh-Hans */,
			);
			name = Main.storyboard;
			sourceTree = "<group>";
		};
		41AA9E54290AAD42009A512B /* LaunchScreen.storyboard */ = {
			isa = PBXVariantGroup;
			children = (
				41AA9E55290AAD42009A512B /* Base */,
				41AA9E60290AB75E009A512B /* zh-Hans */,
			);
			name = LaunchScreen.storyboard;
			sourceTree = "<group>";
		};
/* End PBXVariantGroup section */

/* Begin XCBuildConfiguration section */
		41AA9E5A290AAD42009A512B /* Debug */ = {
			isa = XCBuildConfiguration;
			buildSettings = {
				ALWAYS_SEARCH_USER_PATHS = NO;
				CLANG_ANALYZER_LOCALIZABILITY_NONLOCALIZED = YES;
				CLANG_ANALYZER_NONNULL = YES;
				CLANG_ANALYZER_NUMBER_OBJECT_CONVERSION = YES_AGGRESSIVE;
				CLANG_CXX_LANGUAGE_STANDARD = "gnu++17";
				CLANG_ENABLE_MODULES = YES;
				CLANG_ENABLE_OBJC_ARC = YES;
				CLANG_ENABLE_OBJC_WEAK = YES;
				CLANG_WARN_BLOCK_CAPTURE_AUTORELEASING = YES;
				CLANG_WARN_BOOL_CONVERSION = YES;
				CLANG_WARN_COMMA = YES;
				CLANG_WARN_CONSTANT_CONVERSION = YES;
				CLANG_WARN_DEPRECATED_OBJC_IMPLEMENTATIONS = YES;
				CLANG_WARN_DIRECT_OBJC_ISA_USAGE = YES_ERROR;
				CLANG_WARN_DOCUMENTATION_COMMENTS = YES;
				CLANG_WARN_EMPTY_BODY = YES;
				CLANG_WARN_ENUM_CONVERSION = YES;
				CLANG_WARN_INFINITE_RECURSION = YES;
				CLANG_WARN_INT_CONVERSION = YES;
				CLANG_WARN_NON_LITERAL_NULL_CONVERSION = YES;
				CLANG_WARN_OBJC_IMPLICIT_RETAIN_SELF = YES;
				CLANG_WARN_OBJC_LITERAL_CONVERSION = YES;
				CLANG_WARN_OBJC_ROOT_CLASS = YES_ERROR;
				CLANG_WARN_QUOTED_INCLUDE_IN_FRAMEWORK_HEADER = YES;
				CLANG_WARN_RANGE_LOOP_ANALYSIS = YES;
				CLANG_WARN_STRICT_PROTOTYPES = YES;
				CLANG_WARN_SUSPICIOUS_MOVE = YES;
				CLANG_WARN_UNGUARDED_AVAILABILITY = YES_AGGRESSIVE;
				CLANG_WARN_UNREACHABLE_CODE = YES;
				CLANG_WARN__DUPLICATE_METHOD_MATCH = YES;
				COPY_PHASE_STRIP = NO;
				DEBUG_INFORMATION_FORMAT = dwarf;
				ENABLE_STRICT_OBJC_MSGSEND = YES;
				ENABLE_TESTABILITY = YES;
				GCC_C_LANGUAGE_STANDARD = gnu11;
				GCC_DYNAMIC_NO_PIC = NO;
				GCC_NO_COMMON_BLOCKS = YES;
				GCC_OPTIMIZATION_LEVEL = 0;
				GCC_PREPROCESSOR_DEFINITIONS = (
					"DEBUG=1",
					"$(inherited)",
				);
				GCC_WARN_64_TO_32_BIT_CONVERSION = YES;
				GCC_WARN_ABOUT_RETURN_TYPE = YES_ERROR;
				GCC_WARN_UNDECLARED_SELECTOR = YES;
				GCC_WARN_UNINITIALIZED_AUTOS = YES_AGGRESSIVE;
				GCC_WARN_UNUSED_FUNCTION = YES;
				GCC_WARN_UNUSED_VARIABLE = YES;
				IPHONEOS_DEPLOYMENT_TARGET = 15.4;
				MTL_ENABLE_DEBUG_INFO = INCLUDE_SOURCE;
				MTL_FAST_MATH = YES;
				ONLY_ACTIVE_ARCH = YES;
				SDKROOT = iphoneos;
			};
			name = Debug;
		};
		41AA9E5B290AAD42009A512B /* Release */ = {
			isa = XCBuildConfiguration;
			buildSettings = {
				ALWAYS_SEARCH_USER_PATHS = NO;
				CLANG_ANALYZER_LOCALIZABILITY_NONLOCALIZED = YES;
				CLANG_ANALYZER_NONNULL = YES;
				CLANG_ANALYZER_NUMBER_OBJECT_CONVERSION = YES_AGGRESSIVE;
				CLANG_CXX_LANGUAGE_STANDARD = "gnu++17";
				CLANG_ENABLE_MODULES = YES;
				CLANG_ENABLE_OBJC_ARC = YES;
				CLANG_ENABLE_OBJC_WEAK = YES;
				CLANG_WARN_BLOCK_CAPTURE_AUTORELEASING = YES;
				CLANG_WARN_BOOL_CONVERSION = YES;
				CLANG_WARN_COMMA = YES;
				CLANG_WARN_CONSTANT_CONVERSION = YES;
				CLANG_WARN_DEPRECATED_OBJC_IMPLEMENTATIONS = YES;
				CLANG_WARN_DIRECT_OBJC_ISA_USAGE = YES_ERROR;
				CLANG_WARN_DOCUMENTATION_COMMENTS = YES;
				CLANG_WARN_EMPTY_BODY = YES;
				CLANG_WARN_ENUM_CONVERSION = YES;
				CLANG_WARN_INFINITE_RECURSION = YES;
				CLANG_WARN_INT_CONVERSION = YES;
				CLANG_WARN_NON_LITERAL_NULL_CONVERSION = YES;
				CLANG_WARN_OBJC_IMPLICIT_RETAIN_SELF = YES;
				CLANG_WARN_OBJC_LITERAL_CONVERSION = YES;
				CLANG_WARN_OBJC_ROOT_CLASS = YES_ERROR;
				CLANG_WARN_QUOTED_INCLUDE_IN_FRAMEWORK_HEADER = YES;
				CLANG_WARN_RANGE_LOOP_ANALYSIS = YES;
				CLANG_WARN_STRICT_PROTOTYPES = YES;
				CLANG_WARN_SUSPICIOUS_MOVE = YES;
				CLANG_WARN_UNGUARDED_AVAILABILITY = YES_AGGRESSIVE;
				CLANG_WARN_UNREACHABLE_CODE = YES;
				CLANG_WARN__DUPLICATE_METHOD_MATCH = YES;
				COPY_PHASE_STRIP = NO;
				DEBUG_INFORMATION_FORMAT = "dwarf-with-dsym";
				ENABLE_NS_ASSERTIONS = NO;
				ENABLE_STRICT_OBJC_MSGSEND = YES;
				GCC_C_LANGUAGE_STANDARD = gnu11;
				GCC_NO_COMMON_BLOCKS = YES;
				GCC_WARN_64_TO_32_BIT_CONVERSION = YES;
				GCC_WARN_ABOUT_RETURN_TYPE = YES_ERROR;
				GCC_WARN_UNDECLARED_SELECTOR = YES;
				GCC_WARN_UNINITIALIZED_AUTOS = YES_AGGRESSIVE;
				GCC_WARN_UNUSED_FUNCTION = YES;
				GCC_WARN_UNUSED_VARIABLE = YES;
				IPHONEOS_DEPLOYMENT_TARGET = 15.4;
				MTL_ENABLE_DEBUG_INFO = NO;
				MTL_FAST_MATH = YES;
				SDKROOT = iphoneos;
				VALIDATE_PRODUCT = YES;
			};
			name = Release;
		};
		41AA9E5D290AAD42009A512B /* Debug */ = {
			isa = XCBuildConfiguration;
			baseConfigurationReference = 9496C2FFC06A580DBA4F6015 /* Pods-AUIUgsvDemo.debug.xcconfig */;
			buildSettings = {
				ASSETCATALOG_COMPILER_APPICON_NAME = AppIcon;
				ASSETCATALOG_COMPILER_GLOBAL_ACCENT_COLOR_NAME = AccentColor;
				CODE_SIGN_STYLE = Automatic;
				CURRENT_PROJECT_VERSION = 1;
				DEVELOPMENT_TEAM = K6329CYD7G;
				GENERATE_INFOPLIST_FILE = YES;
				INFOPLIST_FILE = AUIUgsvDemo/Info.plist;
				INFOPLIST_KEY_NSAppleMusicUsageDescription = "需要访问音乐库为视频剪辑添加音乐";
				INFOPLIST_KEY_NSCameraUsageDescription = "需要使用摄像头进行拍摄视频";
				INFOPLIST_KEY_NSMicrophoneUsageDescription = "需要使用麦克风进行拍摄视频";
				INFOPLIST_KEY_NSPhotoLibraryAddUsageDescription = "访问相册视频与图片进行编辑";
				INFOPLIST_KEY_NSPhotoLibraryUsageDescription = "访问相册视频与图片进行编辑";
				INFOPLIST_KEY_UIApplicationSupportsIndirectInputEvents = YES;
				INFOPLIST_KEY_UILaunchStoryboardName = LaunchScreen;
				INFOPLIST_KEY_UISupportedInterfaceOrientations_iPad = "UIInterfaceOrientationPortrait UIInterfaceOrientationPortraitUpsideDown UIInterfaceOrientationLandscapeLeft UIInterfaceOrientationLandscapeRight";
				INFOPLIST_KEY_UISupportedInterfaceOrientations_iPhone = "UIInterfaceOrientationPortrait UIInterfaceOrientationLandscapeLeft UIInterfaceOrientationLandscapeRight";
				LD_RUNPATH_SEARCH_PATHS = (
					"$(inherited)",
					"@executable_path/Frameworks",
				);
				MARKETING_VERSION = 1.0;
				PRODUCT_BUNDLE_IDENTIFIER = com.aliyun.apsaravideo;
				PRODUCT_NAME = "$(TARGET_NAME)";
				SWIFT_EMIT_LOC_STRINGS = YES;
				TARGETED_DEVICE_FAMILY = "1,2";
			};
			name = Debug;
		};
		41AA9E5E290AAD42009A512B /* Release */ = {
			isa = XCBuildConfiguration;
			baseConfigurationReference = 2A19591D0B4C4F2120370CD0 /* Pods-AUIUgsvDemo.release.xcconfig */;
			buildSettings = {
				ASSETCATALOG_COMPILER_APPICON_NAME = AppIcon;
				ASSETCATALOG_COMPILER_GLOBAL_ACCENT_COLOR_NAME = AccentColor;
				CODE_SIGN_STYLE = Automatic;
				CURRENT_PROJECT_VERSION = 1;
				DEVELOPMENT_TEAM = K6329CYD7G;
				GENERATE_INFOPLIST_FILE = YES;
				INFOPLIST_FILE = AUIUgsvDemo/Info.plist;
				INFOPLIST_KEY_NSAppleMusicUsageDescription = "需要访问音乐库为视频剪辑添加音乐";
				INFOPLIST_KEY_NSCameraUsageDescription = "需要使用摄像头进行拍摄视频";
				INFOPLIST_KEY_NSMicrophoneUsageDescription = "需要使用麦克风进行拍摄视频";
				INFOPLIST_KEY_NSPhotoLibraryAddUsageDescription = "访问相册视频与图片进行编辑";
				INFOPLIST_KEY_NSPhotoLibraryUsageDescription = "访问相册视频与图片进行编辑";
				INFOPLIST_KEY_UIApplicationSupportsIndirectInputEvents = YES;
				INFOPLIST_KEY_UILaunchStoryboardName = LaunchScreen;
				INFOPLIST_KEY_UISupportedInterfaceOrientations_iPad = "UIInterfaceOrientationPortrait UIInterfaceOrientationPortraitUpsideDown UIInterfaceOrientationLandscapeLeft UIInterfaceOrientationLandscapeRight";
				INFOPLIST_KEY_UISupportedInterfaceOrientations_iPhone = "UIInterfaceOrientationPortrait UIInterfaceOrientationLandscapeLeft UIInterfaceOrientationLandscapeRight";
				LD_RUNPATH_SEARCH_PATHS = (
					"$(inherited)",
					"@executable_path/Frameworks",
				);
				MARKETING_VERSION = 1.0;
				PRODUCT_BUNDLE_IDENTIFIER = com.aliyun.apsaravideo;
				PRODUCT_NAME = "$(TARGET_NAME)";
				SWIFT_EMIT_LOC_STRINGS = YES;
				TARGETED_DEVICE_FAMILY = "1,2";
			};
			name = Release;
		};
/* End XCBuildConfiguration section */

/* Begin XCConfigurationList section */
		41AA9E3E290AAD40009A512B /* Build configuration list for PBXProject "AUIUgsvDemo" */ = {
			isa = XCConfigurationList;
			buildConfigurations = (
				41AA9E5A290AAD42009A512B /* Debug */,
				41AA9E5B290AAD42009A512B /* Release */,
			);
			defaultConfigurationIsVisible = 0;
			defaultConfigurationName = Release;
		};
		41AA9E5C290AAD42009A512B /* Build configuration list for PBXNativeTarget "AUIUgsvDemo" */ = {
			isa = XCConfigurationList;
			buildConfigurations = (
				41AA9E5D290AAD42009A512B /* Debug */,
				41AA9E5E290AAD42009A512B /* Release */,
			);
			defaultConfigurationIsVisible = 0;
			defaultConfigurationName = Release;
		};
/* End XCConfigurationList section */
	};
	rootObject = 41AA9E3B290AAD40009A512B /* Project object */;
}
